
Microsoft Visual Studio Solution File, Format Version 12.00
# Visual Studio Version 17
VisualStudioVersion = 17.0.31912.275
MinimumVisualStudioVersion = 10.0.40219.1
Project("{9A19103F-16F7-4668-BE54-9A1E7A4F7556}") = "CSharpProgrammingPractice", "CSharpProgrammingPractice.csproj", "{962EF69B-57B4-4F83-B669-CF0BF891E09E}"
EndProject
Project("{FAE04EC0-301F-11D3-BF4B-00C04F79EFBC}") = "ClassLibrary1", "..\ClassLibrary1\ClassLibrary1.csproj", "{2D80360C-C822-4354-B916-6178C7493577}"
EndProject
Project("{FAE04EC0-301F-11D3-BF4B-00C04F79EFBC}") = "ClassLibrary2", "..\ClassLibrary2\ClassLibrary2.csproj", "{E6634E5D-6C5F-45A1-BAAF-067DD30094DA}"
EndProject
Global
	GlobalSection(SolutionConfigurationPlatforms) = preSolution
		Debug|Any CPU = Debug|Any CPU
		Release|Any CPU = Release|Any CPU
	EndGlobalSection
	GlobalSection(ProjectConfigurationPlatforms) = postSolution
		{962EF69B-57B4-4F83-B669-CF0BF891E09E}.Debug|Any CPU.ActiveCfg = Debug|Any CPU
		{962EF69B-57B4-4F83-B669-CF0BF891E09E}.Debug|Any CPU.Build.0 = Debug|Any CPU
		{962EF69B-57B4-4F83-B669-CF0BF891E09E}.Release|Any CPU.ActiveCfg = Release|Any CPU
		{962EF69B-57B4-4F83-B669-CF0BF891E09E}.Release|Any CPU.Build.0 = Release|Any CPU
		{2D80360C-C822-4354-B916-6178C7493577}.Debug|Any CPU.ActiveCfg = Debug|Any CPU
		{2D80360C-C822-4354-B916-6178C7493577}.Debug|Any CPU.Build.0 = Debug|Any CPU
		{2D80360C-C822-4354-B916-6178C7493577}.Release|Any CPU.ActiveCfg = Release|Any CPU
		{2D80360C-C822-4354-B916-6178C7493577}.Release|Any CPU.Build.0 = Release|Any CPU
		{E6634E5D-6C5F-45A1-BAAF-067DD30094DA}.Debug|Any CPU.ActiveCfg = Debug|Any CPU
		{E6634E5D-6C5F-45A1-BAAF-067DD30094DA}.Debug|Any CPU.Build.0 = Debug|Any CPU
		{E6634E5D-6C5F-45A1-BAAF-067DD30094DA}.Release|Any CPU.ActiveCfg = Release|Any CPU
		{E6634E5D-6C5F-45A1-BAAF-067DD30094DA}.Release|Any CPU.Build.0 = Release|Any CPU
	EndGlobalSection
	GlobalSection(SolutionProperties) = preSolution
		HideSolutionNode = FALSE
	EndGlobalSection
	GlobalSection(ExtensibilityGlobals) = postSolution
		SolutionGuid = {86301EE4-DF6E-4C69-891A-7CBC44BAE069}
	EndGlobalSection
EndGlobal
